// !$*UTF8*$!
{
	archiveVersion = 1;
	classes = {
	};
	objectVersion = 46;
	objects = {

/* Begin PBXFileReference section */
		936811A51DB6456700FF42B9 /* Avd.sh */ = {isa = PBXFileReference; lastKnownFileType = text.script.sh; path = Avd.sh; sourceTree = "<group>"; };
		9368300A1D2336F000D52878 /* AndroidSdkUpdate.sh */ = {isa = PBXFileReference; lastKnownFileType = text.script.sh; path = AndroidSdkUpdate.sh; sourceTree = "<group>"; };
		93DD22091D23291B00F75271 /* SetupEnvironment.sh */ = {isa = PBXFileReference; lastKnownFileType = text.script.sh; path = SetupEnvironment.sh; sourceTree = "<group>"; };
		93ED7DE91D1AA76E0082A153 /* TeamCityBuildAgent.sh */ = {isa = PBXFileReference; lastKnownFileType = text.script.sh; path = TeamCityBuildAgent.sh; sourceTree = "<group>"; };
		93ED7DEA1D1AA79C0082A153 /* AndroidEmulator.sh */ = {isa = PBXFileReference; lastKnownFileType = text.script.sh; path = AndroidEmulator.sh; sourceTree = "<group>"; };
/* End PBXFileReference section */

/* Begin PBXGroup section */
		93ED7DE21D1AA6FC0082A153 = {
			isa = PBXGroup;
			children = (
				936811A51DB6456700FF42B9 /* Avd.sh */,
				93DD22091D23291B00F75271 /* SetupEnvironment.sh */,
				93ED7DE91D1AA76E0082A153 /* TeamCityBuildAgent.sh */,
				9368300A1D2336F000D52878 /* AndroidSdkUpdate.sh */,
				93ED7DEA1D1AA79C0082A153 /* AndroidEmulator.sh */,
			);
			sourceTree = "<group>";
		};
/* End PBXGroup section */

/* Begin PBXProject section */
		93ED7DE31D1AA6FC0082A153 /* Project object */ = {
			isa = PBXProject;
			attributes = {
				LastUpgradeCheck = 0800;
			};
			buildConfigurationList = 93ED7DE61D1AA6FC0082A153 /* Build configuration list for PBXProject "BuildAgentMac" */;
			compatibilityVersion = "Xcode 3.2";
			developmentRegion = English;
			hasScannedForEncodings = 0;
			knownRegions = (
				en,
			);
			mainGroup = 93ED7DE21D1AA6FC0082A153;
			projectDirPath = "";
			projectRoot = "";
			targets = (
			);
		};
/* End PBXProject section */

/* Begin XCBuildConfiguration section */
		93ED7DE71D1AA6FC0082A153 /* Debug */ = {
			isa = XCBuildConfiguration;
			buildSettings = {
			};
			name = Debug;
		};
		93ED7DE81D1AA6FC0082A153 /* Release */ = {
			isa = XCBuildConfiguration;
			buildSettings = {
			};
			name = Release;
		};
/* End XCBuildConfiguration section */

/* Begin XCConfigurationList section */
		93ED7DE61D1AA6FC0082A153 /* Build configuration list for PBXProject "BuildAgentMac" */ = {
			isa = XCConfigurationList;
			buildConfigurations = (
				93ED7DE71D1AA6FC0082A153 /* Debug */,
				93ED7DE81D1AA6FC0082A153 /* Release */,
			);
			defaultConfigurationIsVisible = 0;
			defaultConfigurationName = Debug;
		};
/* End XCConfigurationList section */
	};
	rootObject = 93ED7DE31D1AA6FC0082A153 /* Project object */;
}
